{
  "version": 4,
  "terraform_version": "1.5.5",
  "serial": 62,
  "lineage": "5a34bdf3-10ef-92b7-88e2-1dda157285b7",
  "outputs": {
    "ipv4": {
      "value": "139.59.17.113",
      "type": "string"
    }
  },
  "resources": [
    {
      "mode": "managed",
      "type": "digitalocean_droplet",
      "name": "vpn",
      "provider": "provider[\"registry.terraform.io/digitalocean/digitalocean\"]",
      "instances": [
        {
          "schema_version": 1,
          "attributes": {
            "backups": false,
            "created_at": "2023-09-25T09:16:13Z",
            "disk": 25,
            "droplet_agent": null,
            "graceful_shutdown": false,
            "id": "376383427",
            "image": "ubuntu-20-04-x64",
            "ipv4_address": "139.59.17.113",
            "ipv4_address_private": "10.122.0.2",
            "ipv6": false,
            "ipv6_address": "",
            "locked": false,
            "memory": 1024,
            "monitoring": false,
            "name": "vpn-1",
            "price_hourly": 0.00893,
            "price_monthly": 6,
            "private_networking": true,
            "region": "blr1",
            "resize_disk": true,
            "size": "s-1vcpu-1gb",
            "ssh_keys": [
              "69:62:a4:ee:af:ed:de:63:36:05:57:ce:2c:f9:a6:c6"
            ],
            "status": "active",
            "tags": null,
            "timeouts": null,
            "urn": "do:droplet:376383427",
            "user_data": null,
            "vcpus": 1,
            "volume_ids": [],
            "vpc_uuid": "455ba1b4-8d6c-4151-9100-7a8066de1180"
          },
          "sensitive_attributes": [],
          "private": "eyJlMmJmYjczMC1lY2FhLTExZTYtOGY4OC0zNDM2M2JjN2M0YzAiOnsiY3JlYXRlIjozNjAwMDAwMDAwMDAwLCJkZWxldGUiOjYwMDAwMDAwMDAwLCJ1cGRhdGUiOjM2MDAwMDAwMDAwMDB9LCJzY2hlbWFfdmVyc2lvbiI6IjEifQ==",
          "dependencies": [
            "digitalocean_ssh_key.default"
          ]
        }
      ]
    },
    {
      "mode": "managed",
      "type": "digitalocean_ssh_key",
      "name": "default",
      "provider": "provider[\"registry.terraform.io/digitalocean/digitalocean\"]",
      "instances": [
        {
          "schema_version": 0,
          "attributes": {
            "fingerprint": "69:62:a4:ee:af:ed:de:63:36:05:57:ce:2c:f9:a6:c6",
            "id": "39500294",
            "name": "sshkey",
            "public_key": "ssh-ed25519 AAAAC3NzaC1lZDI1NTE5AAAAIABEwiuUmnwWVbXzhTRHaWroAnsjyWIIjhRGWYDaY6rC hp@pop-os\n"
          },
          "sensitive_attributes": [],
          "private": "bnVsbA=="
        }
      ]
    }
  ],
  "check_results": null
}
